// !$*UTF8*$!
{
	archiveVersion = 1;
	classes = {
	};
	objectVersion = 56;
	objects = {

/* Begin PBXBuildFile section */
		5EABFE9829AF77EE001563EB /* AppDelegate.swift in Sources */ = {isa = PBXBuildFile; fileRef = 5EABFE9729AF77EE001563EB /* AppDelegate.swift */; };
		5EABFE9A29AF77EE001563EB /* SceneDelegate.swift in Sources */ = {isa = PBXBuildFile; fileRef = 5EABFE9929AF77EE001563EB /* SceneDelegate.swift */; };
		5EABFE9C29AF77EE001563EB /* ViewController.swift in Sources */ = {isa = PBXBuildFile; fileRef = 5EABFE9B29AF77EE001563EB /* ViewController.swift */; };
		5EABFE9F29AF77EE001563EB /* Main.storyboard in Resources */ = {isa = PBXBuildFile; fileRef = 5EABFE9D29AF77EE001563EB /* Main.storyboard */; };
		5EABFEA129AF77EF001563EB /* Assets.xcassets in Resources */ = {isa = PBXBuildFile; fileRef = 5EABFEA029AF77EF001563EB /* Assets.xcassets */; };
		5EABFEA429AF77EF001563EB /* LaunchScreen.storyboard in Resources */ = {isa = PBXBuildFile; fileRef = 5EABFEA229AF77EF001563EB /* LaunchScreen.storyboard */; };
		5EABFEB629AF7909001563EB /* 4.jpg in Resources */ = {isa = PBXBuildFile; fileRef = 5EABFEAC29AF7909001563EB /* 4.jpg */; };
		5EABFEB729AF7909001563EB /* 10.jpg in Resources */ = {isa = PBXBuildFile; fileRef = 5EABFEAD29AF7909001563EB /* 10.jpg */; };
		5EABFEB829AF7909001563EB /* 7.jpg in Resources */ = {isa = PBXBuildFile; fileRef = 5EABFEAE29AF7909001563EB /* 7.jpg */; };
		5EABFEB929AF7909001563EB /* 5.jpg in Resources */ = {isa = PBXBuildFile; fileRef = 5EABFEAF29AF7909001563EB /* 5.jpg */; };
		5EABFEBA29AF7909001563EB /* 8.jpg in Resources */ = {isa = PBXBuildFile; fileRef = 5EABFEB029AF7909001563EB /* 8.jpg */; };
		5EABFEBB29AF7909001563EB /* 1.jpg in Resources */ = {isa = PBXBuildFile; fileRef = 5EABFEB129AF7909001563EB /* 1.jpg */; };
		5EABFEBC29AF7909001563EB /* 3.jpg in Resources */ = {isa = PBXBuildFile; fileRef = 5EABFEB229AF7909001563EB /* 3.jpg */; };
		5EABFEBD29AF7909001563EB /* 6.jpg in Resources */ = {isa = PBXBuildFile; fileRef = 5EABFEB329AF7909001563EB /* 6.jpg */; };
		5EABFEBE29AF7909001563EB /* 2.jpg in Resources */ = {isa = PBXBuildFile; fileRef = 5EABFEB429AF7909001563EB /* 2.jpg */; };
		5EABFEBF29AF7909001563EB /* 9.jpg in Resources */ = {isa = PBXBuildFile; fileRef = 5EABFEB529AF7909001563EB /* 9.jpg */; };
/* End PBXBuildFile section */

/* Begin PBXFileReference section */
		5EABFE9429AF77EE001563EB /* PickerView.app */ = {isa = PBXFileReference; explicitFileType = wrapper.application; includeInIndex = 0; path = PickerView.app; sourceTree = BUILT_PRODUCTS_DIR; };
		5EABFE9729AF77EE001563EB /* AppDelegate.swift */ = {isa = PBXFileReference; lastKnownFileType = sourcecode.swift; path = AppDelegate.swift; sourceTree = "<group>"; };
		5EABFE9929AF77EE001563EB /* SceneDelegate.swift */ = {isa = PBXFileReference; lastKnownFileType = sourcecode.swift; path = SceneDelegate.swift; sourceTree = "<group>"; };
		5EABFE9B29AF77EE001563EB /* ViewController.swift */ = {isa = PBXFileReference; lastKnownFileType = sourcecode.swift; path = ViewController.swift; sourceTree = "<group>"; };
		5EABFE9E29AF77EE001563EB /* Base */ = {isa = PBXFileReference; lastKnownFileType = file.storyboard; name = Base; path = Base.lproj/Main.storyboard; sourceTree = "<group>"; };
		5EABFEA029AF77EF001563EB /* Assets.xcassets */ = {isa = PBXFileReference; lastKnownFileType = folder.assetcatalog; path = Assets.xcassets; sourceTree = "<group>"; };
		5EABFEA329AF77EF001563EB /* Base */ = {isa = PBXFileReference; lastKnownFileType = file.storyboard; name = Base; path = Base.lproj/LaunchScreen.storyboard; sourceTree = "<group>"; };
		5EABFEA529AF77EF001563EB /* Info.plist */ = {isa = PBXFileReference; lastKnownFileType = text.plist.xml; path = Info.plist; sourceTree = "<group>"; };
		5EABFEAC29AF7909001563EB /* 4.jpg */ = {isa = PBXFileReference; lastKnownFileType = image.jpeg; path = 4.jpg; sourceTree = "<group>"; };
		5EABFEAD29AF7909001563EB /* 10.jpg */ = {isa = PBXFileReference; lastKnownFileType = image.jpeg; path = 10.jpg; sourceTree = "<group>"; };
		5EABFEAE29AF7909001563EB /* 7.jpg */ = {isa = PBXFileReference; lastKnownFileType = image.jpeg; path = 7.jpg; sourceTree = "<group>"; };
		5EABFEAF29AF7909001563EB /* 5.jpg */ = {isa = PBXFileReference; lastKnownFileType = image.jpeg; path = 5.jpg; sourceTree = "<group>"; };
		5EABFEB029AF7909001563EB /* 8.jpg */ = {isa = PBXFileReference; lastKnownFileType = image.jpeg; path = 8.jpg; sourceTree = "<group>"; };
		5EABFEB129AF7909001563EB /* 1.jpg */ = {isa = PBXFileReference; lastKnownFileType = image.jpeg; path = 1.jpg; sourceTree = "<group>"; };
		5EABFEB229AF7909001563EB /* 3.jpg */ = {isa = PBXFileReference; lastKnownFileType = image.jpeg; path = 3.jpg; sourceTree = "<group>"; };
		5EABFEB329AF7909001563EB /* 6.jpg */ = {isa = PBXFileReference; lastKnownFileType = image.jpeg; path = 6.jpg; sourceTree = "<group>"; };
		5EABFEB429AF7909001563EB /* 2.jpg */ = {isa = PBXFileReference; lastKnownFileType = image.jpeg; path = 2.jpg; sourceTree = "<group>"; };
		5EABFEB529AF7909001563EB /* 9.jpg */ = {isa = PBXFileReference; lastKnownFileType = image.jpeg; path = 9.jpg; sourceTree = "<group>"; };
/* End PBXFileReference section */

/* Begin PBXFrameworksBuildPhase section */
		5EABFE9129AF77EE001563EB /* Frameworks */ = {
			isa = PBXFrameworksBuildPhase;
			buildActionMask = 2147483647;
			files = (
			);
			runOnlyForDeploymentPostprocessing = 0;
		};
/* End PBXFrameworksBuildPhase section */

/* Begin PBXGroup section */
		5EABFE8B29AF77EE001563EB = {
			isa = PBXGroup;
			children = (
				5EABFE9629AF77EE001563EB /* PickerView */,
				5EABFE9529AF77EE001563EB /* Products */,
			);
			sourceTree = "<group>";
		};
		5EABFE9529AF77EE001563EB /* Products */ = {
			isa = PBXGroup;
			children = (
				5EABFE9429AF77EE001563EB /* PickerView.app */,
			);
			name = Products;
			sourceTree = "<group>";
		};
		5EABFE9629AF77EE001563EB /* PickerView */ = {
			isa = PBXGroup;
			children = (
				5EABFEAB29AF7853001563EB /* images */,
				5EABFE9729AF77EE001563EB /* AppDelegate.swift */,
				5EABFE9929AF77EE001563EB /* SceneDelegate.swift */,
				5EABFE9B29AF77EE001563EB /* ViewController.swift */,
				5EABFE9D29AF77EE001563EB /* Main.storyboard */,
				5EABFEA029AF77EF001563EB /* Assets.xcassets */,
				5EABFEA229AF77EF001563EB /* LaunchScreen.storyboard */,
				5EABFEA529AF77EF001563EB /* Info.plist */,
			);
			path = PickerView;
			sourceTree = "<group>";
		};
		5EABFEAB29AF7853001563EB /* images */ = {
			isa = PBXGroup;
			children = (
				5EABFEB129AF7909001563EB /* 1.jpg */,
				5EABFEB429AF7909001563EB /* 2.jpg */,
				5EABFEB229AF7909001563EB /* 3.jpg */,
				5EABFEAC29AF7909001563EB /* 4.jpg */,
				5EABFEAF29AF7909001563EB /* 5.jpg */,
				5EABFEB329AF7909001563EB /* 6.jpg */,
				5EABFEAE29AF7909001563EB /* 7.jpg */,
				5EABFEB029AF7909001563EB /* 8.jpg */,
				5EABFEB529AF7909001563EB /* 9.jpg */,
				5EABFEAD29AF7909001563EB /* 10.jpg */,
			);
			path = images;
			sourceTree = "<group>";
		};
/* End PBXGroup section */

/* Begin PBXNativeTarget section */
		5EABFE9329AF77EE001563EB /* PickerView */ = {
			isa = PBXNativeTarget;
			buildConfigurationList = 5EABFEA829AF77EF001563EB /* Build configuration list for PBXNativeTarget "PickerView" */;
			buildPhases = (
				5EABFE9029AF77EE001563EB /* Sources */,
				5EABFE9129AF77EE001563EB /* Frameworks */,
				5EABFE9229AF77EE001563EB /* Resources */,
			);
			buildRules = (
			);
			dependencies = (
			);
			name = PickerView;
			productName = PickerView;
			productReference = 5EABFE9429AF77EE001563EB /* PickerView.app */;
			productType = "com.apple.product-type.application";
		};
/* End PBXNativeTarget section */

/* Begin PBXProject section */
		5EABFE8C29AF77EE001563EB /* Project object */ = {
			isa = PBXProject;
			attributes = {
				BuildIndependentTargetsInParallel = 1;
				LastSwiftUpdateCheck = 1420;
				LastUpgradeCheck = 1420;
				TargetAttributes = {
					5EABFE9329AF77EE001563EB = {
						CreatedOnToolsVersion = 14.2;
					};
				};
			};
			buildConfigurationList = 5EABFE8F29AF77EE001563EB /* Build configuration list for PBXProject "PickerView" */;
			compatibilityVersion = "Xcode 14.0";
			developmentRegion = en;
			hasScannedForEncodings = 0;
			knownRegions = (
				en,
				Base,
			);
			mainGroup = 5EABFE8B29AF77EE001563EB;
			productRefGroup = 5EABFE9529AF77EE001563EB /* Products */;
			projectDirPath = "";
			projectRoot = "";
			targets = (
				5EABFE9329AF77EE001563EB /* PickerView */,
			);
		};
/* End PBXProject section */

/* Begin PBXResourcesBuildPhase section */
		5EABFE9229AF77EE001563EB /* Resources */ = {
			isa = PBXResourcesBuildPhase;
			buildActionMask = 2147483647;
			files = (
				5EABFEBF29AF7909001563EB /* 9.jpg in Resources */,
				5EABFEBD29AF7909001563EB /* 6.jpg in Resources */,
				5EABFEB729AF7909001563EB /* 10.jpg in Resources */,
				5EABFEB629AF7909001563EB /* 4.jpg in Resources */,
				5EABFEA429AF77EF001563EB /* LaunchScreen.storyboard in Resources */,
				5EABFEB829AF7909001563EB /* 7.jpg in Resources */,
				5EABFEBA29AF7909001563EB /* 8.jpg in Resources */,
				5EABFEBE29AF7909001563EB /* 2.jpg in Resources */,
				5EABFEBC29AF7909001563EB /* 3.jpg in Resources */,
				5EABFEB929AF7909001563EB /* 5.jpg in Resources */,
				5EABFEBB29AF7909001563EB /* 1.jpg in Resources */,
				5EABFEA129AF77EF001563EB /* Assets.xcassets in Resources */,
				5EABFE9F29AF77EE001563EB /* Main.storyboard in Resources */,
			);
			runOnlyForDeploymentPostprocessing = 0;
		};
/* End PBXResourcesBuildPhase section */

/* Begin PBXSourcesBuildPhase section */
		5EABFE9029AF77EE001563EB /* Sources */ = {
			isa = PBXSourcesBuildPhase;
			buildActionMask = 2147483647;
			files = (
				5EABFE9C29AF77EE001563EB /* ViewController.swift in Sources */,
				5EABFE9829AF77EE001563EB /* AppDelegate.swift in Sources */,
				5EABFE9A29AF77EE001563EB /* SceneDelegate.swift in Sources */,
			);
			runOnlyForDeploymentPostprocessing = 0;
		};
/* End PBXSourcesBuildPhase section */

/* Begin PBXVariantGroup section */
		5EABFE9D29AF77EE001563EB /* Main.storyboard */ = {
			isa = PBXVariantGroup;
			children = (
				5EABFE9E29AF77EE001563EB /* Base */,
			);
			name = Main.storyboard;
			sourceTree = "<group>";
		};
		5EABFEA229AF77EF001563EB /* LaunchScreen.storyboard */ = {
			isa = PBXVariantGroup;
			children = (
				5EABFEA329AF77EF001563EB /* Base */,
			);
			name = LaunchScreen.storyboard;
			sourceTree = "<group>";
		};
/* End PBXVariantGroup section */

/* Begin XCBuildConfiguration section */
		5EABFEA629AF77EF001563EB /* Debug */ = {
			isa = XCBuildConfiguration;
			buildSettings = {
				ALWAYS_SEARCH_USER_PATHS = NO;
				CLANG_ANALYZER_NONNULL = YES;
				CLANG_ANALYZER_NUMBER_OBJECT_CONVERSION = YES_AGGRESSIVE;
				CLANG_CXX_LANGUAGE_STANDARD = "gnu++20";
				CLANG_ENABLE_MODULES = YES;
				CLANG_ENABLE_OBJC_ARC = YES;
				CLANG_ENABLE_OBJC_WEAK = YES;
				CLANG_WARN_BLOCK_CAPTURE_AUTORELEASING = YES;
				CLANG_WARN_BOOL_CONVERSION = YES;
				CLANG_WARN_COMMA = YES;
				CLANG_WARN_CONSTANT_CONVERSION = YES;
				CLANG_WARN_DEPRECATED_OBJC_IMPLEMENTATIONS = YES;
				CLANG_WARN_DIRECT_OBJC_ISA_USAGE = YES_ERROR;
				CLANG_WARN_DOCUMENTATION_COMMENTS = YES;
				CLANG_WARN_EMPTY_BODY = YES;
				CLANG_WARN_ENUM_CONVERSION = YES;
				CLANG_WARN_INFINITE_RECURSION = YES;
				CLANG_WARN_INT_CONVERSION = YES;
				CLANG_WARN_NON_LITERAL_NULL_CONVERSION = YES;
				CLANG_WARN_OBJC_IMPLICIT_RETAIN_SELF = YES;
				CLANG_WARN_OBJC_LITERAL_CONVERSION = YES;
				CLANG_WARN_OBJC_ROOT_CLASS = YES_ERROR;
				CLANG_WARN_QUOTED_INCLUDE_IN_FRAMEWORK_HEADER = YES;
				CLANG_WARN_RANGE_LOOP_ANALYSIS = YES;
				CLANG_WARN_STRICT_PROTOTYPES = YES;
				CLANG_WARN_SUSPICIOUS_MOVE = YES;
				CLANG_WARN_UNGUARDED_AVAILABILITY = YES_AGGRESSIVE;
				CLANG_WARN_UNREACHABLE_CODE = YES;
				CLANG_WARN__DUPLICATE_METHOD_MATCH = YES;
				COPY_PHASE_STRIP = NO;
				DEBUG_INFORMATION_FORMAT = dwarf;
				ENABLE_STRICT_OBJC_MSGSEND = YES;
				ENABLE_TESTABILITY = YES;
				GCC_C_LANGUAGE_STANDARD = gnu11;
				GCC_DYNAMIC_NO_PIC = NO;
				GCC_NO_COMMON_BLOCKS = YES;
				GCC_OPTIMIZATION_LEVEL = 0;
				GCC_PREPROCESSOR_DEFINITIONS = (
					"DEBUG=1",
					"$(inherited)",
				);
				GCC_WARN_64_TO_32_BIT_CONVERSION = YES;
				GCC_WARN_ABOUT_RETURN_TYPE = YES_ERROR;
				GCC_WARN_UNDECLARED_SELECTOR = YES;
				GCC_WARN_UNINITIALIZED_AUTOS = YES_AGGRESSIVE;
				GCC_WARN_UNUSED_FUNCTION = YES;
				GCC_WARN_UNUSED_VARIABLE = YES;
				IPHONEOS_DEPLOYMENT_TARGET = 16.2;
				MTL_ENABLE_DEBUG_INFO = INCLUDE_SOURCE;
				MTL_FAST_MATH = YES;
				ONLY_ACTIVE_ARCH = YES;
				SDKROOT = iphoneos;
				SWIFT_ACTIVE_COMPILATION_CONDITIONS = DEBUG;
				SWIFT_OPTIMIZATION_LEVEL = "-Onone";
			};
			name = Debug;
		};
		5EABFEA729AF77EF001563EB /* Release */ = {
			isa = XCBuildConfiguration;
			buildSettings = {
				ALWAYS_SEARCH_USER_PATHS = NO;
				CLANG_ANALYZER_NONNULL = YES;
				CLANG_ANALYZER_NUMBER_OBJECT_CONVERSION = YES_AGGRESSIVE;
				CLANG_CXX_LANGUAGE_STANDARD = "gnu++20";
				CLANG_ENABLE_MODULES = YES;
				CLANG_ENABLE_OBJC_ARC = YES;
				CLANG_ENABLE_OBJC_WEAK = YES;
				CLANG_WARN_BLOCK_CAPTURE_AUTORELEASING = YES;
				CLANG_WARN_BOOL_CONVERSION = YES;
				CLANG_WARN_COMMA = YES;
				CLANG_WARN_CONSTANT_CONVERSION = YES;
				CLANG_WARN_DEPRECATED_OBJC_IMPLEMENTATIONS = YES;
				CLANG_WARN_DIRECT_OBJC_ISA_USAGE = YES_ERROR;
				CLANG_WARN_DOCUMENTATION_COMMENTS = YES;
				CLANG_WARN_EMPTY_BODY = YES;
				CLANG_WARN_ENUM_CONVERSION = YES;
				CLANG_WARN_INFINITE_RECURSION = YES;
				CLANG_WARN_INT_CONVERSION = YES;
				CLANG_WARN_NON_LITERAL_NULL_CONVERSION = YES;
				CLANG_WARN_OBJC_IMPLICIT_RETAIN_SELF = YES;
				CLANG_WARN_OBJC_LITERAL_CONVERSION = YES;
				CLANG_WARN_OBJC_ROOT_CLASS = YES_ERROR;
				CLANG_WARN_QUOTED_INCLUDE_IN_FRAMEWORK_HEADER = YES;
				CLANG_WARN_RANGE_LOOP_ANALYSIS = YES;
				CLANG_WARN_STRICT_PROTOTYPES = YES;
				CLANG_WARN_SUSPICIOUS_MOVE = YES;
				CLANG_WARN_UNGUARDED_AVAILABILITY = YES_AGGRESSIVE;
				CLANG_WARN_UNREACHABLE_CODE = YES;
				CLANG_WARN__DUPLICATE_METHOD_MATCH = YES;
				COPY_PHASE_STRIP = NO;
				DEBUG_INFORMATION_FORMAT = "dwarf-with-dsym";
				ENABLE_NS_ASSERTIONS = NO;
				ENABLE_STRICT_OBJC_MSGSEND = YES;
				GCC_C_LANGUAGE_STANDARD = gnu11;
				GCC_NO_COMMON_BLOCKS = YES;
				GCC_WARN_64_TO_32_BIT_CONVERSION = YES;
				GCC_WARN_ABOUT_RETURN_TYPE = YES_ERROR;
				GCC_WARN_UNDECLARED_SELECTOR = YES;
				GCC_WARN_UNINITIALIZED_AUTOS = YES_AGGRESSIVE;
				GCC_WARN_UNUSED_FUNCTION = YES;
				GCC_WARN_UNUSED_VARIABLE = YES;
				IPHONEOS_DEPLOYMENT_TARGET = 16.2;
				MTL_ENABLE_DEBUG_INFO = NO;
				MTL_FAST_MATH = YES;
				SDKROOT = iphoneos;
				SWIFT_COMPILATION_MODE = wholemodule;
				SWIFT_OPTIMIZATION_LEVEL = "-O";
				VALIDATE_PRODUCT = YES;
			};
			name = Release;
		};
		5EABFEA929AF77EF001563EB /* Debug */ = {
			isa = XCBuildConfiguration;
			buildSettings = {
				ASSETCATALOG_COMPILER_APPICON_NAME = AppIcon;
				ASSETCATALOG_COMPILER_GLOBAL_ACCENT_COLOR_NAME = AccentColor;
				CODE_SIGN_STYLE = Automatic;
				CURRENT_PROJECT_VERSION = 1;
				GENERATE_INFOPLIST_FILE = YES;
				INFOPLIST_FILE = PickerView/Info.plist;
				INFOPLIST_KEY_UIApplicationSupportsIndirectInputEvents = YES;
				INFOPLIST_KEY_UILaunchStoryboardName = LaunchScreen;
				INFOPLIST_KEY_UIMainStoryboardFile = Main;
				INFOPLIST_KEY_UISupportedInterfaceOrientations_iPad = "UIInterfaceOrientationPortrait UIInterfaceOrientationPortraitUpsideDown UIInterfaceOrientationLandscapeLeft UIInterfaceOrientationLandscapeRight";
				INFOPLIST_KEY_UISupportedInterfaceOrientations_iPhone = "UIInterfaceOrientationPortrait UIInterfaceOrientationLandscapeLeft UIInterfaceOrientationLandscapeRight";
				LD_RUNPATH_SEARCH_PATHS = (
					"$(inherited)",
					"@executable_path/Frameworks",
				);
				MARKETING_VERSION = 1.0;
				PRODUCT_BUNDLE_IDENTIFIER = com.yourcompnay.PickerView;
				PRODUCT_NAME = "$(TARGET_NAME)";
				SWIFT_EMIT_LOC_STRINGS = YES;
				SWIFT_VERSION = 5.0;
				TARGETED_DEVICE_FAMILY = "1,2";
			};
			name = Debug;
		};
		5EABFEAA29AF77EF001563EB /* Release */ = {
			isa = XCBuildConfiguration;
			buildSettings = {
				ASSETCATALOG_COMPILER_APPICON_NAME = AppIcon;
				ASSETCATALOG_COMPILER_GLOBAL_ACCENT_COLOR_NAME = AccentColor;
				CODE_SIGN_STYLE = Automatic;
				CURRENT_PROJECT_VERSION = 1;
				GENERATE_INFOPLIST_FILE = YES;
				INFOPLIST_FILE = PickerView/Info.plist;
				INFOPLIST_KEY_UIApplicationSupportsIndirectInputEvents = YES;
				INFOPLIST_KEY_UILaunchStoryboardName = LaunchScreen;
				INFOPLIST_KEY_UIMainStoryboardFile = Main;
				INFOPLIST_KEY_UISupportedInterfaceOrientations_iPad = "UIInterfaceOrientationPortrait UIInterfaceOrientationPortraitUpsideDown UIInterfaceOrientationLandscapeLeft UIInterfaceOrientationLandscapeRight";
				INFOPLIST_KEY_UISupportedInterfaceOrientations_iPhone = "UIInterfaceOrientationPortrait UIInterfaceOrientationLandscapeLeft UIInterfaceOrientationLandscapeRight";
				LD_RUNPATH_SEARCH_PATHS = (
					"$(inherited)",
					"@executable_path/Frameworks",
				);
				MARKETING_VERSION = 1.0;
				PRODUCT_BUNDLE_IDENTIFIER = com.yourcompnay.PickerView;
				PRODUCT_NAME = "$(TARGET_NAME)";
				SWIFT_EMIT_LOC_STRINGS = YES;
				SWIFT_VERSION = 5.0;
				TARGETED_DEVICE_FAMILY = "1,2";
			};
			name = Release;
		};
/* End XCBuildConfiguration section */

/* Begin XCConfigurationList section */
		5EABFE8F29AF77EE001563EB /* Build configuration list for PBXProject "PickerView" */ = {
			isa = XCConfigurationList;
			buildConfigurations = (
				5EABFEA629AF77EF001563EB /* Debug */,
				5EABFEA729AF77EF001563EB /* Release */,
			);
			defaultConfigurationIsVisible = 0;
			defaultConfigurationName = Release;
		};
		5EABFEA829AF77EF001563EB /* Build configuration list for PBXNativeTarget "PickerView" */ = {
			isa = XCConfigurationList;
			buildConfigurations = (
				5EABFEA929AF77EF001563EB /* Debug */,
				5EABFEAA29AF77EF001563EB /* Release */,
			);
			defaultConfigurationIsVisible = 0;
			defaultConfigurationName = Release;
		};
/* End XCConfigurationList section */
	};
	rootObject = 5EABFE8C29AF77EE001563EB /* Project object */;
}
